PODS:
  - FBRetainCycleDetector (0.1.4)

DEPENDENCIES:
  - FBRetainCycleDetector (from `https://github.com/mengqutaoyuan/FBRetainCycleDetector.git`, tag `fix-swift-error`)

EXTERNAL SOURCES:
  FBRetainCycleDetector:
    :git: https://github.com/mengqutaoyuan/FBRetainCycleDetector.git
    :tag: fix-swift-error

CHECKOUT OPTIONS:
  FBRetainCycleDetector:
    :git: https://github.com/mengqutaoyuan/FBRetainCycleDetector.git
    :tag: fix-swift-error

SPEC CHECKSUMS:
  FBRetainCycleDetector: 501251c8df6ae40296b20ab5d1a5462f4ffe994a

PODFILE CHECKSUM: 5c6e26931ab18313a1d2bb079304027e0906d79c

COCOAPODS: 1.16.2
